
Microsoft Visual Studio Solution File, Format Version 12.00
# Visual Studio Version 17
VisualStudioVersion = 17.4.33213.308
MinimumVisualStudioVersion = 10.0.40219.1
Project("{FAE04EC0-301F-11D3-BF4B-00C04F79EFBC}") = "Kutuphane_Uygulamasi", "Kutuphane_Uygulamasi.csproj", "{13EA417B-3957-4F7E-BA6A-B82BC38CC273}"
EndProject
Global
	GlobalSection(SolutionConfigurationPlatforms) = preSolution
		Debug|Any CPU = Debug|Any CPU
		Release|Any CPU = Release|Any CPU
	EndGlobalSection
	GlobalSection(ProjectConfigurationPlatforms) = postSolution
		{13EA417B-3957-4F7E-BA6A-B82BC38CC273}.Debug|Any CPU.ActiveCfg = Debug|Any CPU
		{13EA417B-3957-4F7E-BA6A-B82BC38CC273}.Debug|Any CPU.Build.0 = Debug|Any CPU
		{13EA417B-3957-4F7E-BA6A-B82BC38CC273}.Release|Any CPU.ActiveCfg = Release|Any CPU
		{13EA417B-3957-4F7E-BA6A-B82BC38CC273}.Release|Any CPU.Build.0 = Release|Any CPU
	EndGlobalSection
	GlobalSection(SolutionProperties) = preSolution
		HideSolutionNode = FALSE
	EndGlobalSection
	GlobalSection(ExtensibilityGlobals) = postSolution
		SolutionGuid = {BDD58CA1-01C5-4A7F-8D73-8E5F9FA8FA7C}
	EndGlobalSection
EndGlobal
